PODS:
  - Alamofire (5.7.1)
  - Google-Mobile-Ads-SDK (10.14.0):
    - GoogleAppMeasurement (< 11.0, >= 7.0)
    - GoogleUserMessagingPlatform (>= 1.1)
  - GoogleAppMeasurement (10.19.0):
    - GoogleAppMeasurement/AdIdSupport (= 10.19.0)
    - GoogleUtilities/AppDelegateSwizzler (~> 7.11)
    - GoogleUtilities/MethodSwizzler (~> 7.11)
    - GoogleUtilities/Network (~> 7.11)
    - "GoogleUtilities/NSData+zlib (~> 7.11)"
    - nanopb (< 2.30910.0, >= 2.30908.0)
  - GoogleAppMeasurement/AdIdSupport (10.19.0):
    - GoogleAppMeasurement/WithoutAdIdSupport (= 10.19.0)
    - GoogleUtilities/AppDelegateSwizzler (~> 7.11)
    - GoogleUtilities/MethodSwizzler (~> 7.11)
    - GoogleUtilities/Network (~> 7.11)
    - "GoogleUtilities/NSData+zlib (~> 7.11)"
    - nanopb (< 2.30910.0, >= 2.30908.0)
  - GoogleAppMeasurement/WithoutAdIdSupport (10.19.0):
    - GoogleUtilities/AppDelegateSwizzler (~> 7.11)
    - GoogleUtilities/MethodSwizzler (~> 7.11)
    - GoogleUtilities/Network (~> 7.11)
    - "GoogleUtilities/NSData+zlib (~> 7.11)"
    - nanopb (< 2.30910.0, >= 2.30908.0)
  - GoogleUserMessagingPlatform (2.1.0)
  - GoogleUtilities/AppDelegateSwizzler (7.12.0):
    - GoogleUtilities/Environment
    - GoogleUtilities/Logger
    - GoogleUtilities/Network
  - GoogleUtilities/Environment (7.12.0):
    - PromisesObjC (< 3.0, >= 1.2)
  - GoogleUtilities/Logger (7.12.0):
    - GoogleUtilities/Environment
  - GoogleUtilities/MethodSwizzler (7.12.0):
    - GoogleUtilities/Logger
  - GoogleUtilities/Network (7.12.0):
    - GoogleUtilities/Logger
    - "GoogleUtilities/NSData+zlib"
    - GoogleUtilities/Reachability
  - "GoogleUtilities/NSData+zlib (7.12.0)"
  - GoogleUtilities/Reachability (7.12.0):
    - GoogleUtilities/Logger
  - lottie-ios (4.2.0)
  - nanopb (2.30909.1):
    - nanopb/decode (= 2.30909.1)
    - nanopb/encode (= 2.30909.1)
  - nanopb/decode (2.30909.1)
  - nanopb/encode (2.30909.1)
  - PromisesObjC (2.3.1)
  - Resolver (1.5.0)
  - RIBs (0.9.3):
    - RxRelay (~> 5.1)
    - RxSwift (~> 5.1)
  - RxCocoa (5.1.3):
    - RxRelay (~> 5)
    - RxSwift (~> 5)
  - RxRelay (5.1.3):
    - RxSwift (~> 5)
  - RxSwift (5.1.3)
  - SDWebImage (5.16.0):
    - SDWebImage/Core (= 5.16.0)
  - SDWebImage/Core (5.16.0)
  - SVProgressHUD (2.2.5)
  - SwiftLint (0.52.2)
  - TLLogging (1.0.4)

DEPENDENCIES:
  - Alamofire
  - Google-Mobile-Ads-SDK
  - GoogleUserMessagingPlatform
  - lottie-ios
  - Resolver
  - RIBs (from `https://github.com/uber/RIBs/`, tag `v0.10.0`)
  - RxCocoa
  - RxSwift
  - SDWebImage
  - SVProgressHUD
  - SwiftLint
  - TLLogging

SPEC REPOS:
  trunk:
    - Alamofire
    - Google-Mobile-Ads-SDK
    - GoogleAppMeasurement
    - GoogleUserMessagingPlatform
    - GoogleUtilities
    - lottie-ios
    - nanopb
    - PromisesObjC
    - Resolver
    - RxCocoa
    - RxRelay
    - RxSwift
    - SDWebImage
    - SVProgressHUD
    - SwiftLint
    - TLLogging

EXTERNAL SOURCES:
  RIBs:
    :git: https://github.com/uber/RIBs/
    :tag: v0.10.0

CHECKOUT OPTIONS:
  RIBs:
    :git: https://github.com/uber/RIBs/
    :tag: v0.10.0

SPEC CHECKSUMS:
  Alamofire: 0123a34370cb170936ae79a8df46cc62b2edeb88
  Google-Mobile-Ads-SDK: 8f67a72f88d057335b1ac3f501e2b68ad054116e
  GoogleAppMeasurement: 68afe759316673c6554dac35a0c7ae8f5d6cb4ed
  GoogleUserMessagingPlatform: dce302b8f1b84d6e945812ee7a15c3f65a102cbf
  GoogleUtilities: 0759d1a57ebb953965c2dfe0ba4c82e95ccc2e34
  lottie-ios: 809ecf2d460ed650a6aed7aa88b2ec45fab4779c
  nanopb: d4d75c12cd1316f4a64e3c6963f879ecd4b5e0d5
  PromisesObjC: c50d2056b5253dadbd6c2bea79b0674bd5a52fa4
  Resolver: 68984624572763018fd8ec7b8e3e8df0e3b6bba5
  RIBs: d4c4c7e7e4580f0bbe88bdc88b6c11704a738b7f
  RxCocoa: e2ed092d5432e4296aa818021d27de4090ac0354
  RxRelay: 5a18c2eb2d68326ebaf0112f80d837ae41b92b97
  RxSwift: 915abbdfb62214aa89ccd0b194d44fb478019b27
  SDWebImage: 2aea163b50bfcb569a2726b6a754c54a4506fcf6
  SVProgressHUD: 1428aafac632c1f86f62aa4243ec12008d7a51d6
  SwiftLint: 1ac76dac888ca05cb0cf24d0c85887ec1209961d
  TLLogging: 636a4873bf1aaa9d60c4b938433b17e3ce33cb51

PODFILE CHECKSUM: 9807e40e07daa02e4e7d75ab030ca52135f8daf8

COCOAPODS: 1.12.1
